
Microsoft Visual Studio Solution File, Format Version 12.00
# Visual Studio Version 17
VisualStudioVersion = 17.7.34202.233
MinimumVisualStudioVersion = 10.0.40219.1
Project("{FAE04EC0-301F-11D3-BF4B-00C04F79EFBC}") = "Vue.Webshop", "Vue.Webshop\Vue.Webshop.csproj", "{C8A19EDA-D39D-4DC0-AA04-3F88ABEAE92D}"
EndProject
Global
	GlobalSection(SolutionConfigurationPlatforms) = preSolution
		Debug|Any CPU = Debug|Any CPU
		Release|Any CPU = Release|Any CPU
	EndGlobalSection
	GlobalSection(ProjectConfigurationPlatforms) = postSolution
		{C8A19EDA-D39D-4DC0-AA04-3F88ABEAE92D}.Debug|Any CPU.ActiveCfg = Debug|Any CPU
		{C8A19EDA-D39D-4DC0-AA04-3F88ABEAE92D}.Debug|Any CPU.Build.0 = Debug|Any CPU
		{C8A19EDA-D39D-4DC0-AA04-3F88ABEAE92D}.Release|Any CPU.ActiveCfg = Release|Any CPU
		{C8A19EDA-D39D-4DC0-AA04-3F88ABEAE92D}.Release|Any CPU.Build.0 = Release|Any CPU
	EndGlobalSection
	GlobalSection(SolutionProperties) = preSolution
		HideSolutionNode = FALSE
	EndGlobalSection
	GlobalSection(ExtensibilityGlobals) = postSolution
		SolutionGuid = {68DDEB7D-E5D8-40D6-B0C6-681321B7F718}
	EndGlobalSection
EndGlobal
